hash: 4e349369ffec2386f568c18ae3eeaa6ff42ac3aec50e9ff242dba0826af018af
updated: 2017-05-10T15:54:29.261907506-07:00
imports:
- name: github.com/alex1sz/configor
  version: 0f6b3a6e1f2b56631eb2a5a063c0a05ca245cba0
- name: github.com/gorilla/context
  version: 08b5f424b9271eedf6f9f0ce86cb9396ed337a42
- name: github.com/gorilla/mux
  version: 392c28fe23e1c45ddba891b0320b3b5df220beea
- name: github.com/jmoiron/sqlx
  version: 3564e3a314b957a161fefa0e7aea85b4d741c94e
  subpackages:
  - reflectx
- name: github.com/lib/pq
  version: 2704adc878c21e1329f46f6e56a1c387d788ff94
  subpackages:
  - oid
- name: github.com/urfave/negroni
  version: fde5e16d32adc7ad637e9cd9ad21d4ebc6192535
- name: gopkg.in/yaml.v2
  version: cd8b52f8269e0feb286dfeef29f8fe4d5b397e0b
testImports: []
