hash: 846074284262bc0037813de718ba6993d09aa75e2761279ab587e961bd2f0dc7
updated: 2017-05-16T12:46:53.421396717-07:00
imports:
- name: github.com/gorilla/context
  version: 08b5f424b9271eedf6f9f0ce86cb9396ed337a42
- name: github.com/gorilla/mux
  version: 392c28fe23e1c45ddba891b0320b3b5df220beea
- name: github.com/jmoiron/sqlx
  version: 3564e3a314b957a161fefa0e7aea85b4d741c94e
  subpackages:
  - reflectx
- name: github.com/lib/pq
  version: 2704adc878c21e1329f46f6e56a1c387d788ff94
  subpackages:
  - oid
- name: github.com/urfave/negroni
  version: fde5e16d32adc7ad637e9cd9ad21d4ebc6192535
testImports: []
